
Microsoft Visual Studio Solution File, Format Version 12.00
# Visual Studio 14
VisualStudioVersion = 14.0.25123.0
MinimumVisualStudioVersion = 10.0.40219.1
Project("{FAE04EC0-301F-11D3-BF4B-00C04F79EFBC}") = "DNS-gyro Testbench Interfacer", "DNS-gyro Testbench Interfacer\DNS-gyro Testbench Interfacer.csproj", "{857090E9-5353-4A5E-9A62-DC2A3A9B97F8}"
EndProject
Project("{2150E333-8FDC-42A3-9474-1A3956D46DE8}") = "Solution Items", "Solution Items", "{5E40AC57-919F-44AE-A19F-5F7CEBB143A2}"
	ProjectSection(SolutionItems) = preProject
		SERCOM.cs = SERCOM.cs
	EndProjectSection
EndProject
Global
	GlobalSection(SolutionConfigurationPlatforms) = preSolution
		Debug|Any CPU = Debug|Any CPU
		Release|Any CPU = Release|Any CPU
	EndGlobalSection
	GlobalSection(ProjectConfigurationPlatforms) = postSolution
		{857090E9-5353-4A5E-9A62-DC2A3A9B97F8}.Debug|Any CPU.ActiveCfg = Debug|Any CPU
		{857090E9-5353-4A5E-9A62-DC2A3A9B97F8}.Debug|Any CPU.Build.0 = Debug|Any CPU
		{857090E9-5353-4A5E-9A62-DC2A3A9B97F8}.Release|Any CPU.ActiveCfg = Release|Any CPU
		{857090E9-5353-4A5E-9A62-DC2A3A9B97F8}.Release|Any CPU.Build.0 = Release|Any CPU
	EndGlobalSection
	GlobalSection(SolutionProperties) = preSolution
		HideSolutionNode = FALSE
	EndGlobalSection
EndGlobal
